
Microsoft Visual Studio Solution File, Format Version 12.00
# Visual Studio 15
VisualStudioVersion = 15.0.28307.106
MinimumVisualStudioVersion = 10.0.40219.1
Project("{9A19103F-16F7-4668-BE54-9A1E7A4F7556}") = "LABtoRGB.Lib", "LABtoRGB.Lib\LABtoRGB.Lib.csproj", "{443F7AC4-3361-4CFC-96CA-D0D4BFBC9C53}"
EndProject
Project("{FAE04EC0-301F-11D3-BF4B-00C04F79EFBC}") = "ConsoleTest", "ConsoleTest\ConsoleTest.csproj", "{A6AED824-6328-444B-8E07-D91C507012E7}"
EndProject
Project("{FAE04EC0-301F-11D3-BF4B-00C04F79EFBC}") = "WinformTest", "WinformTest\WinformTest.csproj", "{DC23E006-A51E-4343-BCE5-34482E74D836}"
EndProject
Project("{FAE04EC0-301F-11D3-BF4B-00C04F79EFBC}") = "WebTest", "WebTest\WebTest.csproj", "{C6631F31-3FD0-4902-BDB1-744240E6555F}"
EndProject
Global
	GlobalSection(SolutionConfigurationPlatforms) = preSolution
		Debug|Any CPU = Debug|Any CPU
		Release|Any CPU = Release|Any CPU
	EndGlobalSection
	GlobalSection(ProjectConfigurationPlatforms) = postSolution
		{443F7AC4-3361-4CFC-96CA-D0D4BFBC9C53}.Debug|Any CPU.ActiveCfg = Debug|Any CPU
		{443F7AC4-3361-4CFC-96CA-D0D4BFBC9C53}.Debug|Any CPU.Build.0 = Debug|Any CPU
		{443F7AC4-3361-4CFC-96CA-D0D4BFBC9C53}.Release|Any CPU.ActiveCfg = Release|Any CPU
		{443F7AC4-3361-4CFC-96CA-D0D4BFBC9C53}.Release|Any CPU.Build.0 = Release|Any CPU
		{A6AED824-6328-444B-8E07-D91C507012E7}.Debug|Any CPU.ActiveCfg = Debug|Any CPU
		{A6AED824-6328-444B-8E07-D91C507012E7}.Debug|Any CPU.Build.0 = Debug|Any CPU
		{A6AED824-6328-444B-8E07-D91C507012E7}.Release|Any CPU.ActiveCfg = Release|Any CPU
		{A6AED824-6328-444B-8E07-D91C507012E7}.Release|Any CPU.Build.0 = Release|Any CPU
		{DC23E006-A51E-4343-BCE5-34482E74D836}.Debug|Any CPU.ActiveCfg = Debug|Any CPU
		{DC23E006-A51E-4343-BCE5-34482E74D836}.Debug|Any CPU.Build.0 = Debug|Any CPU
		{DC23E006-A51E-4343-BCE5-34482E74D836}.Release|Any CPU.ActiveCfg = Release|Any CPU
		{DC23E006-A51E-4343-BCE5-34482E74D836}.Release|Any CPU.Build.0 = Release|Any CPU
		{C6631F31-3FD0-4902-BDB1-744240E6555F}.Debug|Any CPU.ActiveCfg = Debug|Any CPU
		{C6631F31-3FD0-4902-BDB1-744240E6555F}.Debug|Any CPU.Build.0 = Debug|Any CPU
		{C6631F31-3FD0-4902-BDB1-744240E6555F}.Release|Any CPU.ActiveCfg = Release|Any CPU
		{C6631F31-3FD0-4902-BDB1-744240E6555F}.Release|Any CPU.Build.0 = Release|Any CPU
	EndGlobalSection
	GlobalSection(SolutionProperties) = preSolution
		HideSolutionNode = FALSE
	EndGlobalSection
	GlobalSection(ExtensibilityGlobals) = postSolution
		SolutionGuid = {33A60101-8DDE-485A-BECA-8158805E0098}
	EndGlobalSection
EndGlobal
